
Microsoft Visual Studio Solution File, Format Version 12.00
# Visual Studio Version 17
VisualStudioVersion = 17.4.33213.308
MinimumVisualStudioVersion = 10.0.40219.1
Project("{FAE04EC0-301F-11D3-BF4B-00C04F79EFBC}") = "Задача 17", "Задача 17\Задача 17.csproj", "{C56A7EEA-B65C-45AC-A143-B77E148F3F52}"
EndProject
Global
	GlobalSection(SolutionConfigurationPlatforms) = preSolution
		Debug|Any CPU = Debug|Any CPU
		Release|Any CPU = Release|Any CPU
	EndGlobalSection
	GlobalSection(ProjectConfigurationPlatforms) = postSolution
		{C56A7EEA-B65C-45AC-A143-B77E148F3F52}.Debug|Any CPU.ActiveCfg = Debug|Any CPU
		{C56A7EEA-B65C-45AC-A143-B77E148F3F52}.Debug|Any CPU.Build.0 = Debug|Any CPU
		{C56A7EEA-B65C-45AC-A143-B77E148F3F52}.Release|Any CPU.ActiveCfg = Release|Any CPU
		{C56A7EEA-B65C-45AC-A143-B77E148F3F52}.Release|Any CPU.Build.0 = Release|Any CPU
	EndGlobalSection
	GlobalSection(SolutionProperties) = preSolution
		HideSolutionNode = FALSE
	EndGlobalSection
	GlobalSection(ExtensibilityGlobals) = postSolution
		SolutionGuid = {64B5B068-9F35-4CB0-A583-AAB00AFF5759}
	EndGlobalSection
EndGlobal
